<?xml version="1.0" encoding="utf-8"?>
<Project ToolsVersion="4.0" xmlns="http://schemas.microsoft.com/developer/msbuild/2003">
  <ItemGroup>
    <Filter Include="소스 파일">
      <UniqueIdentifier>{4FC737F1-C7A5-4376-A066-2A32D752A2FF}</UniqueIdentifier>
      <Extensions>cpp;c;cc;cxx;c++;cppm;ixx;def;odl;idl;hpj;bat;asm;asmx</Extensions>
    </Filter>
    <Filter Include="리소스 파일">
      <UniqueIdentifier>{67DA6AB6-F800-4c08-8B7A-83BB121AAD01}</UniqueIdentifier>
      <Extensions>rc;ico;cur;bmp;dlg;rc2;rct;bin;rgs;gif;jpg;jpeg;jpe;resx;tiff;tif;png;wav;mfcribbon-ms</Extensions>
    </Filter>
    <Filter Include="외부 파일">
      <UniqueIdentifier>{d1408528-e021-4767-847b-5131f442f02e}</UniqueIdentifier>
    </Filter>
    <Filter Include="셰이더 파일">
      <UniqueIdentifier>{0aa9c584-fdd6-4644-b602-f0df582d7a0c}</UniqueIdentifier>
    </Filter>
    <Filter Include="소스 파일\99.Defines">
      <UniqueIdentifier>{c9d543d2-dc7a-411d-9650-216ac7af758a}</UniqueIdentifier>
    </Filter>
    <Filter Include="소스 파일\98.Utility">
      <UniqueIdentifier>{53639c2f-f005-4f8f-ae9b-dfb0e91f172b}</UniqueIdentifier>
    </Filter>
    <Filter Include="소스 파일\00.Main">
      <UniqueIdentifier>{5bca7c55-2ccc-4034-a53e-9e7967c846df}</UniqueIdentifier>
    </Filter>
    <Filter Include="소스 파일\01. Engine">
      <UniqueIdentifier>{10fa4d8e-ed1c-4d14-8a6c-eef70705968e}</UniqueIdentifier>
    </Filter>
    <Filter Include="소스 파일\01. Engine\99. GameInstance">
      <UniqueIdentifier>{e85a2808-8da5-4a6e-b5a4-4ecf3890a81e}</UniqueIdentifier>
    </Filter>
    <Filter Include="소스 파일\02. Game">
      <UniqueIdentifier>{a6e8db8f-3b6e-4720-8ba4-edcba90e5b11}</UniqueIdentifier>
    </Filter>
    <Filter Include="소스 파일\02. Game\GameObject">
      <UniqueIdentifier>{b687e6ca-6630-46e7-b051-ee30ee69ac62}</UniqueIdentifier>
    </Filter>
    <Filter Include="소스 파일\01. Engine\01. Level">
      <UniqueIdentifier>{446fbe64-2145-4f1e-8678-ef60221a47da}</UniqueIdentifier>
    </Filter>
    <Filter Include="소스 파일\01. Engine\01. Level\Manager">
      <UniqueIdentifier>{2073e227-d3ca-4f35-a99b-ec677ecc8b35}</UniqueIdentifier>
    </Filter>
    <Filter Include="소스 파일\01. Engine\02. Prototype">
      <UniqueIdentifier>{94ac9699-79f6-485b-885e-c874ee561016}</UniqueIdentifier>
    </Filter>
    <Filter Include="소스 파일\01. Engine\03. Objects">
      <UniqueIdentifier>{da62e548-2cd0-4504-af10-89ea5526add3}</UniqueIdentifier>
    </Filter>
    <Filter Include="소스 파일\01. Engine\03. Objects\Camera">
      <UniqueIdentifier>{cb8ff52d-3025-41fd-822e-cf8c5c47dafb}</UniqueIdentifier>
    </Filter>
    <Filter Include="소스 파일\01. Engine\03. Objects\ContainerObject">
      <UniqueIdentifier>{c3c7f3db-80fd-42dc-92ee-d54427ec290d}</UniqueIdentifier>
    </Filter>
    <Filter Include="소스 파일\01. Engine\03. Objects\Layer">
      <UniqueIdentifier>{abe5a7e0-be55-4e4e-9c22-babb401f6bfc}</UniqueIdentifier>
    </Filter>
    <Filter Include="소스 파일\01. Engine\03. Objects\Manager">
      <UniqueIdentifier>{1b81b91c-d1a9-468c-b7b8-f23db980078d}</UniqueIdentifier>
    </Filter>
    <Filter Include="소스 파일\01. Engine\03. Objects\Manager\Object_Manager">
      <UniqueIdentifier>{e13abfa9-59fe-4820-849c-6f20c644fedd}</UniqueIdentifier>
    </Filter>
    <Filter Include="소스 파일\01. Engine\03. Objects\PartObject">
      <UniqueIdentifier>{fbc1e36d-915e-43d1-b4eb-8e1e409e1110}</UniqueIdentifier>
    </Filter>
    <Filter Include="소스 파일\01. Engine\03. Objects\UIObject">
      <UniqueIdentifier>{b17a40e4-1ba2-417a-a7f9-78395ca9b593}</UniqueIdentifier>
    </Filter>
    <Filter Include="소스 파일\01. Engine\04. Components">
      <UniqueIdentifier>{2d9a3835-ccad-4ad8-90a2-27b2a3c63e61}</UniqueIdentifier>
    </Filter>
    <Filter Include="소스 파일\01. Engine\04. Components\00. Component">
      <UniqueIdentifier>{cffcaa07-e4bb-4fad-8389-e368769752cb}</UniqueIdentifier>
    </Filter>
    <Filter Include="소스 파일\01. Engine\04. Components\01. Transform">
      <UniqueIdentifier>{fcd81d4a-caee-4134-998c-8dc00c520cd3}</UniqueIdentifier>
    </Filter>
    <Filter Include="소스 파일\01. Engine\05. Renderer">
      <UniqueIdentifier>{25a9c77d-0bd0-43b3-ba93-f5158efdd5af}</UniqueIdentifier>
    </Filter>
    <Filter Include="소스 파일\01. Engine\00. System">
      <UniqueIdentifier>{d3056419-084a-46f6-a62b-cf9baefa9748}</UniqueIdentifier>
    </Filter>
    <Filter Include="소스 파일\01. Engine\00. System\00. Base">
      <UniqueIdentifier>{943c87b1-d326-4195-a7e0-16d91b68fa08}</UniqueIdentifier>
    </Filter>
    <Filter Include="소스 파일\01. Engine\00. System\01. Device">
      <UniqueIdentifier>{9d766b22-093a-4fe0-bb45-531efb2cf66f}</UniqueIdentifier>
    </Filter>
    <Filter Include="소스 파일\01. Engine\00. System\01. Device\Graphic">
      <UniqueIdentifier>{5343ebb2-fdc8-4296-9a39-a704b64fff2f}</UniqueIdentifier>
    </Filter>
    <Filter Include="소스 파일\01. Engine\00. System\01. Device\Input">
      <UniqueIdentifier>{2f3c329a-24d8-4801-a6db-44618986da33}</UniqueIdentifier>
    </Filter>
    <Filter Include="소스 파일\01. Engine\00. System\02. Timer">
      <UniqueIdentifier>{75730003-6d70-432d-84d8-eef4ac13ee3a}</UniqueIdentifier>
    </Filter>
    <Filter Include="소스 파일\01. Engine\04. Components\02. Model">
      <UniqueIdentifier>{2a4c6886-10f7-4b74-9bca-ec9fed0335b5}</UniqueIdentifier>
    </Filter>
    <Filter Include="소스 파일\01. Engine\04. Components\03. Collider">
      <UniqueIdentifier>{c9376211-2fa8-4c39-93a8-eb6df69f0c07}</UniqueIdentifier>
    </Filter>
    <Filter Include="소스 파일\01. Engine\04. Components\04. VIbuffer">
      <UniqueIdentifier>{e2d8d40a-7283-4b2a-a18a-6accb8d0b665}</UniqueIdentifier>
    </Filter>
    <Filter Include="소스 파일\01. Engine\04. Components\04. VIbuffer\Cube">
      <UniqueIdentifier>{87fdfce2-d2cc-475a-9806-00fdd8bd1a94}</UniqueIdentifier>
    </Filter>
    <Filter Include="소스 파일\01. Engine\04. Components\04. VIbuffer\Skybox">
      <UniqueIdentifier>{30c8e1b0-5899-408f-a5ba-fa053f3754fc}</UniqueIdentifier>
    </Filter>
    <Filter Include="소스 파일\01. Engine\04. Components\05. Texture">
      <UniqueIdentifier>{2e62750c-af8a-49d0-af9b-42141784a617}</UniqueIdentifier>
    </Filter>
    <Filter Include="소스 파일\01. Engine\04. Components\02. Model\Mesh">
      <UniqueIdentifier>{71732393-a94e-4455-b1bb-a515dd4515d1}</UniqueIdentifier>
    </Filter>
    <Filter Include="소스 파일\01. Engine\04. Components\02. Model\Animation">
      <UniqueIdentifier>{c2ab501b-3898-4e2f-8ed4-7e739e84d2e7}</UniqueIdentifier>
    </Filter>
    <Filter Include="소스 파일\01. Engine\04. Components\02. Model\Bone">
      <UniqueIdentifier>{d92f9ded-4d97-453e-b4b0-f4b2735c82d7}</UniqueIdentifier>
    </Filter>
    <Filter Include="소스 파일\01. Engine\04. Components\02. Model\Load_Manager">
      <UniqueIdentifier>{f84e421f-d866-444c-8ae0-edc3136e2246}</UniqueIdentifier>
    </Filter>
    <Filter Include="소스 파일\01. Engine\00. System\02. Timer\Manager">
      <UniqueIdentifier>{b9ce22ff-e3bb-484c-ab74-70efbbee8a85}</UniqueIdentifier>
    </Filter>
    <Filter Include="소스 파일\01. Engine\06. Shader">
      <UniqueIdentifier>{dfe31e4b-61a3-4cf7-ad01-a236c4abc160}</UniqueIdentifier>
    </Filter>
    <Filter Include="소스 파일\01. Engine\06. Shader\Manager">
      <UniqueIdentifier>{05d5c434-cb2c-4949-b212-1d381a762fdd}</UniqueIdentifier>
    </Filter>
    <Filter Include="소스 파일\02. Game\01. Levels">
      <UniqueIdentifier>{c43918c2-52f7-4d36-b26f-9d3e5e424d88}</UniqueIdentifier>
    </Filter>
    <Filter Include="소스 파일\02. Game\01. Levels\Loading">
      <UniqueIdentifier>{a4800bdf-b883-4c6d-af45-92216972cf92}</UniqueIdentifier>
    </Filter>
    <Filter Include="소스 파일\02. Game\GameObject\Object">
      <UniqueIdentifier>{abee257d-9e76-488e-9a5b-bcfceaefba0e}</UniqueIdentifier>
    </Filter>
    <Filter Include="소스 파일\02. Game\GameObject\01. Camera">
      <UniqueIdentifier>{188718ca-2dc7-45da-9e00-13df983572a2}</UniqueIdentifier>
    </Filter>
    <Filter Include="소스 파일\02. Game\GameObject\01. Camera\00. FPV">
      <UniqueIdentifier>{17a405ee-327c-4a79-9215-8d7ec6f7717f}</UniqueIdentifier>
    </Filter>
    <Filter Include="소스 파일\01. Engine\04. Components\02. Model\Material">
      <UniqueIdentifier>{e4f7948b-114e-42d0-aeb0-59c7f1561b05}</UniqueIdentifier>
    </Filter>
    <Filter Include="소스 파일\02. Game\GameObject\02. Player">
      <UniqueIdentifier>{e45e7ca3-9609-4d91-99c7-c874544ab09e}</UniqueIdentifier>
    </Filter>
    <Filter Include="소스 파일\01. Engine\04. Components\02. Model\Animation\Channel">
      <UniqueIdentifier>{4d17e0f3-2e12-4984-b1bd-3d6b577dc634}</UniqueIdentifier>
    </Filter>
    <Filter Include="소스 파일\02. Game\GameObject\02. Player\Player_3rd">
      <UniqueIdentifier>{3d7d23fa-b3c5-45ab-9182-7c4e95faf21b}</UniqueIdentifier>
    </Filter>
    <Filter Include="소스 파일\02. Game\GameObject\02. Player\Player_3rd\02. Pig_3rd">
      <UniqueIdentifier>{9aba5cd5-4666-4e53-918a-1e314fb854df}</UniqueIdentifier>
    </Filter>
    <Filter Include="소스 파일\02. Game\GameObject\02. Player\Player_3rd\01. Chick_3rd">
      <UniqueIdentifier>{f2529a22-d40c-4172-a809-89cfcdf43b52}</UniqueIdentifier>
    </Filter>
    <Filter Include="소스 파일\02. Game\GameObject\02. Player\Player_1rd">
      <UniqueIdentifier>{1840bf97-e4f8-41d9-b8c5-8dd26a3ea352}</UniqueIdentifier>
    </Filter>
    <Filter Include="소스 파일\02. Game\GameObject\02. Player\Player_1rd\Gun">
      <UniqueIdentifier>{e7ce0c4c-d90f-420e-8413-d3cfb7457fde}</UniqueIdentifier>
    </Filter>
    <Filter Include="소스 파일\02. Game\GameObject\02. Player\Player_1rd\Gun\Ketchup">
      <UniqueIdentifier>{61f68484-2fa9-4e23-b224-5d17dc8f5c1c}</UniqueIdentifier>
    </Filter>
    <Filter Include="소스 파일\02. Game\GameObject\02. Player\Player_1rd\Character">
      <UniqueIdentifier>{ebb3ddcd-a88c-404f-b447-07f1fe6421ce}</UniqueIdentifier>
    </Filter>
    <Filter Include="소스 파일\02. Game\GameObject\02. Player\Player_1rd\Character\Pig_1rd">
      <UniqueIdentifier>{364c7b64-8a24-46a7-93a4-d9f9703fc69f}</UniqueIdentifier>
    </Filter>
    <Filter Include="소스 파일\03. Network">
      <UniqueIdentifier>{7d0008e1-e34c-4b50-bd28-09cb01b271d9}</UniqueIdentifier>
    </Filter>
    <Filter Include="소스 파일\01. Engine\04. Components\03. Collider\Bounding">
      <UniqueIdentifier>{b608a499-aebc-4974-9c7f-0a824f7ac66a}</UniqueIdentifier>
    </Filter>
    <Filter Include="소스 파일\01. Engine\04. Components\03. Collider\Bounding\Bounding_AABB">
      <UniqueIdentifier>{a703a1a5-84f5-4c31-a6e7-311ea5d44885}</UniqueIdentifier>
    </Filter>
    <Filter Include="소스 파일\01. Engine\04. Components\03. Collider\Bounding\Bounding_OBB">
      <UniqueIdentifier>{25e95a94-0298-4c52-8321-5023d07f21c2}</UniqueIdentifier>
    </Filter>
    <Filter Include="소스 파일\01. Engine\04. Components\03. Collider\Bounding\Bounding_Sphere">
      <UniqueIdentifier>{cf76bb72-4e62-4a77-92bf-7307bee10ab0}</UniqueIdentifier>
    </Filter>
    <Filter Include="소스 파일\01. Engine\04. Components\03. Collider\test">
      <UniqueIdentifier>{e9a64c2e-715e-4248-afa3-1934340e5bbc}</UniqueIdentifier>
    </Filter>
    <Filter Include="소스 파일\01. Engine\04. Components\03. Collider\render">
      <UniqueIdentifier>{4445247f-804d-435a-b1de-25229b6173d3}</UniqueIdentifier>
    </Filter>
  </ItemGroup>
  <ItemGroup>
    <ClInclude Include="Common\d3dx12.h">
      <Filter>외부 파일</Filter>
    </ClInclude>
    <ClInclude Include="Common\DDSTextureLoader12.h">
      <Filter>외부 파일</Filter>
    </ClInclude>
    <ClInclude Include="MainApp.h">
      <Filter>소스 파일\00.Main</Filter>
    </ClInclude>
    <ClInclude Include="HelloDinner.h">
      <Filter>소스 파일\00.Main</Filter>
    </ClInclude>
    <ClInclude Include="Defines.h">
      <Filter>소스 파일\99.Defines</Filter>
    </ClInclude>
    <ClInclude Include="stdafx.h">
      <Filter>소스 파일\99.Defines</Filter>
    </ClInclude>
    <ClInclude Include="Resource.h">
      <Filter>소스 파일\99.Defines</Filter>
    </ClInclude>
    <ClInclude Include="targetver.h">
      <Filter>소스 파일\99.Defines</Filter>
    </ClInclude>
    <ClInclude Include="Utiles.h">
      <Filter>소스 파일\98.Utility</Filter>
    </ClInclude>
    <ClInclude Include="Base.h">
      <Filter>소스 파일\01. Engine\00. System\00. Base</Filter>
    </ClInclude>
    <ClInclude Include="Camera.h">
      <Filter>소스 파일\01. Engine\03. Objects\Camera</Filter>
    </ClInclude>
    <ClInclude Include="Timer.h">
      <Filter>소스 파일\01. Engine\00. System\02. Timer</Filter>
    </ClInclude>
    <ClInclude Include="Prototype_Manager.h">
      <Filter>소스 파일\01. Engine\02. Prototype</Filter>
    </ClInclude>
    <ClInclude Include="GameInstance.h">
      <Filter>소스 파일\01. Engine\99. GameInstance</Filter>
    </ClInclude>
    <ClInclude Include="Component.h">
      <Filter>소스 파일\01. Engine\04. Components\00. Component</Filter>
    </ClInclude>
    <ClInclude Include="Transform.h">
      <Filter>소스 파일\01. Engine\04. Components\01. Transform</Filter>
    </ClInclude>
    <ClInclude Include="Graphic_Device.h">
      <Filter>소스 파일\01. Engine\00. System\01. Device\Graphic</Filter>
    </ClInclude>
    <ClInclude Include="Input_Device.h">
      <Filter>소스 파일\01. Engine\00. System\01. Device\Input</Filter>
    </ClInclude>
    <ClInclude Include="Renderer.h">
      <Filter>소스 파일\01. Engine\05. Renderer</Filter>
    </ClInclude>
    <ClInclude Include="GameObject.h">
      <Filter>소스 파일\01. Engine\03. Objects</Filter>
    </ClInclude>
    <ClInclude Include="Layer.h">
      <Filter>소스 파일\01. Engine\03. Objects\Layer</Filter>
    </ClInclude>
    <ClInclude Include="Object_Manager.h">
      <Filter>소스 파일\01. Engine\03. Objects\Manager\Object_Manager</Filter>
    </ClInclude>
    <ClInclude Include="Level_Manager.h">
      <Filter>소스 파일\01. Engine\01. Level\Manager</Filter>
    </ClInclude>
    <ClInclude Include="Level.h">
      <Filter>소스 파일\01. Engine\01. Level</Filter>
    </ClInclude>
    <ClInclude Include="VIBuffer.h">
      <Filter>소스 파일\01. Engine\04. Components\04. VIbuffer</Filter>
    </ClInclude>
    <ClInclude Include="VIBuffer_Cube.h">
      <Filter>소스 파일\01. Engine\04. Components\04. VIbuffer\Cube</Filter>
    </ClInclude>
    <ClInclude Include="VIBuffer_Skybox.h">
      <Filter>소스 파일\01. Engine\04. Components\04. VIbuffer\Skybox</Filter>
    </ClInclude>
    <ClInclude Include="Texture.h">
      <Filter>소스 파일\01. Engine\04. Components\05. Texture</Filter>
    </ClInclude>
    <ClInclude Include="Model.h">
      <Filter>소스 파일\01. Engine\04. Components\02. Model</Filter>
    </ClInclude>
    <ClInclude Include="Mesh.h">
      <Filter>소스 파일\01. Engine\04. Components\02. Model\Mesh</Filter>
    </ClInclude>
    <ClInclude Include="Load_Manager.h">
      <Filter>소스 파일\01. Engine\04. Components\02. Model\Load_Manager</Filter>
    </ClInclude>
    <ClInclude Include="Timer_Manager.h">
      <Filter>소스 파일\01. Engine\00. System\02. Timer\Manager</Filter>
    </ClInclude>
    <ClInclude Include="Shader_Manager.h">
      <Filter>소스 파일\01. Engine\06. Shader\Manager</Filter>
    </ClInclude>
    <ClInclude Include="Level_Loading.h">
      <Filter>소스 파일\02. Game\01. Levels\Loading</Filter>
    </ClInclude>
    <ClInclude Include="Cube.h">
      <Filter>소스 파일\02. Game\GameObject\Object</Filter>
    </ClInclude>
    <ClInclude Include="Skybox.h">
      <Filter>소스 파일\02. Game\GameObject\Object</Filter>
    </ClInclude>
    <ClInclude Include="Camera_FPV.h">
      <Filter>소스 파일\02. Game\GameObject\01. Camera\00. FPV</Filter>
    </ClInclude>
    <ClInclude Include="Material.h">
      <Filter>소스 파일\01. Engine\04. Components\02. Model\Material</Filter>
    </ClInclude>
    <ClInclude Include="Map.h">
      <Filter>소스 파일\02. Game\GameObject\Object</Filter>
    </ClInclude>
    <ClInclude Include="Loader_Map.h">
      <Filter>소스 파일\02. Game\01. Levels\Loading</Filter>
    </ClInclude>
    <ClInclude Include="Common\WICTextureLoader12.h">
      <Filter>외부 파일</Filter>
    </ClInclude>
    <ClInclude Include="Pig_3rd.h">
      <Filter>소스 파일\02. Game\GameObject\02. Player\Player_3rd\02. Pig_3rd</Filter>
    </ClInclude>
    <ClInclude Include="Channel.h">
      <Filter>소스 파일\01. Engine\04. Components\02. Model\Animation\Channel</Filter>
    </ClInclude>
    <ClInclude Include="Animation.h">
      <Filter>소스 파일\01. Engine\04. Components\02. Model\Animation</Filter>
    </ClInclude>
    <ClInclude Include="Bone.h">
      <Filter>소스 파일\01. Engine\04. Components\02. Model\Bone</Filter>
    </ClInclude>
    <ClInclude Include="Player_3rd.h">
      <Filter>소스 파일\02. Game\GameObject\02. Player\Player_3rd</Filter>
    </ClInclude>
    <ClInclude Include="Collider.h">
      <Filter>소스 파일\01. Engine\04. Components\03. Collider</Filter>
    </ClInclude>
    <ClInclude Include="NetworkClient.h">
      <Filter>소스 파일\03. Network</Filter>
    </ClInclude>
    <ClInclude Include="Bounding.h">
      <Filter>소스 파일\01. Engine\04. Components\03. Collider\Bounding</Filter>
    </ClInclude>
    <ClInclude Include="Bounding_AABB.h">
      <Filter>소스 파일\01. Engine\04. Components\03. Collider\Bounding\Bounding_AABB</Filter>
    </ClInclude>
    <ClInclude Include="Bounding_OBB.h">
      <Filter>소스 파일\01. Engine\04. Components\03. Collider\Bounding\Bounding_OBB</Filter>
    </ClInclude>
    <ClInclude Include="Bounding_Sphere.h">
      <Filter>소스 파일\01. Engine\04. Components\03. Collider\Bounding\Bounding_Sphere</Filter>
    </ClInclude>
    <ClInclude Include="PartObj.h">
      <Filter>소스 파일\01. Engine\03. Objects\PartObject</Filter>
    </ClInclude>
    <ClInclude Include="ContainerObj.h">
      <Filter>소스 파일\01. Engine\03. Objects\ContainerObject</Filter>
    </ClInclude>
    <ClInclude Include="Pig_1rd.h">
      <Filter>소스 파일\02. Game\GameObject\02. Player\Player_1rd\Character\Pig_1rd</Filter>
    </ClInclude>
    <ClInclude Include="Ketchup_Gun.h">
      <Filter>소스 파일\02. Game\GameObject\02. Player\Player_1rd\Gun\Ketchup</Filter>
    </ClInclude>
    <ClInclude Include="Player_1rd.h">
      <Filter>소스 파일\02. Game\GameObject\02. Player\Player_1rd</Filter>
    </ClInclude>
    <ClInclude Include="Obj_CollisionTest.h">
      <Filter>소스 파일\01. Engine\04. Components\03. Collider\test</Filter>
    </ClInclude>
    <ClInclude Include="DebugDraw.h">
      <Filter>소스 파일\01. Engine\04. Components\03. Collider\render</Filter>
    </ClInclude>
    <ClInclude Include="Texture_Manager.h">
      <Filter>소스 파일\01. Engine\04. Components\05. Texture</Filter>
    </ClInclude>
  </ItemGroup>
  <ItemGroup>
    <ClCompile Include="Common\DDSTextureLoader12.cpp">
      <Filter>외부 파일</Filter>
    </ClCompile>
    <ClCompile Include="MainApp.cpp">
      <Filter>소스 파일\00.Main</Filter>
    </ClCompile>
    <ClCompile Include="HelloDinner.cpp">
      <Filter>소스 파일\00.Main</Filter>
    </ClCompile>
    <ClCompile Include="Base.cpp">
      <Filter>소스 파일\01. Engine\00. System\00. Base</Filter>
    </ClCompile>
    <ClCompile Include="Camera.cpp">
      <Filter>소스 파일\01. Engine\03. Objects\Camera</Filter>
    </ClCompile>
    <ClCompile Include="Timer.cpp">
      <Filter>소스 파일\01. Engine\00. System\02. Timer</Filter>
    </ClCompile>
    <ClCompile Include="Prototype_Manager.cpp">
      <Filter>소스 파일\01. Engine\02. Prototype</Filter>
    </ClCompile>
    <ClCompile Include="Component.cpp">
      <Filter>소스 파일\01. Engine\04. Components\00. Component</Filter>
    </ClCompile>
    <ClCompile Include="Transform.cpp">
      <Filter>소스 파일\01. Engine\04. Components\01. Transform</Filter>
    </ClCompile>
    <ClCompile Include="Graphic_Device.cpp">
      <Filter>소스 파일\01. Engine\00. System\01. Device\Graphic</Filter>
    </ClCompile>
    <ClCompile Include="Input_Device.cpp">
      <Filter>소스 파일\01. Engine\00. System\01. Device\Input</Filter>
    </ClCompile>
    <ClCompile Include="Renderer.cpp">
      <Filter>소스 파일\01. Engine\05. Renderer</Filter>
    </ClCompile>
    <ClCompile Include="GameObject.cpp">
      <Filter>소스 파일\01. Engine\03. Objects</Filter>
    </ClCompile>
    <ClCompile Include="Layer.cpp">
      <Filter>소스 파일\01. Engine\03. Objects\Layer</Filter>
    </ClCompile>
    <ClCompile Include="Object_Manager.cpp">
      <Filter>소스 파일\01. Engine\03. Objects\Manager\Object_Manager</Filter>
    </ClCompile>
    <ClCompile Include="Level_Manager.cpp">
      <Filter>소스 파일\01. Engine\01. Level\Manager</Filter>
    </ClCompile>
    <ClCompile Include="Level.cpp">
      <Filter>소스 파일\01. Engine\01. Level</Filter>
    </ClCompile>
    <ClCompile Include="VIBuffer.cpp">
      <Filter>소스 파일\01. Engine\04. Components\04. VIbuffer</Filter>
    </ClCompile>
    <ClCompile Include="VIBuffer_Cube.cpp">
      <Filter>소스 파일\01. Engine\04. Components\04. VIbuffer\Cube</Filter>
    </ClCompile>
    <ClCompile Include="VIBuffer_Skybox.cpp">
      <Filter>소스 파일\01. Engine\04. Components\04. VIbuffer\Skybox</Filter>
    </ClCompile>
    <ClCompile Include="Texture.cpp">
      <Filter>소스 파일\01. Engine\04. Components\05. Texture</Filter>
    </ClCompile>
    <ClCompile Include="Model.cpp">
      <Filter>소스 파일\01. Engine\04. Components\02. Model</Filter>
    </ClCompile>
    <ClCompile Include="Mesh.cpp">
      <Filter>소스 파일\01. Engine\04. Components\02. Model\Mesh</Filter>
    </ClCompile>
    <ClCompile Include="Load_Manager.cpp">
      <Filter>소스 파일\01. Engine\04. Components\02. Model\Load_Manager</Filter>
    </ClCompile>
    <ClCompile Include="Timer_Manager.cpp">
      <Filter>소스 파일\01. Engine\00. System\02. Timer\Manager</Filter>
    </ClCompile>
    <ClCompile Include="Shader_Manager.cpp">
      <Filter>소스 파일\01. Engine\06. Shader\Manager</Filter>
    </ClCompile>
    <ClCompile Include="Level_Loading.cpp">
      <Filter>소스 파일\02. Game\01. Levels\Loading</Filter>
    </ClCompile>
    <ClCompile Include="Cube.cpp">
      <Filter>소스 파일\02. Game\GameObject\Object</Filter>
    </ClCompile>
    <ClCompile Include="Skybox.cpp">
      <Filter>소스 파일\02. Game\GameObject\Object</Filter>
    </ClCompile>
    <ClCompile Include="GameInstance.cpp">
      <Filter>소스 파일\01. Engine\99. GameInstance</Filter>
    </ClCompile>
    <ClCompile Include="Camera_FPV.cpp">
      <Filter>소스 파일\02. Game\GameObject\01. Camera\00. FPV</Filter>
    </ClCompile>
    <ClCompile Include="Material.cpp">
      <Filter>소스 파일\01. Engine\04. Components\02. Model\Material</Filter>
    </ClCompile>
    <ClCompile Include="Map.cpp">
      <Filter>소스 파일\02. Game\GameObject\Object</Filter>
    </ClCompile>
    <ClCompile Include="Loader_Map.cpp">
      <Filter>소스 파일\02. Game\01. Levels\Loading</Filter>
    </ClCompile>
    <ClCompile Include="Common\WICTextureLoader12.cpp">
      <Filter>외부 파일</Filter>
    </ClCompile>
    <ClCompile Include="Pig_3rd.cpp">
      <Filter>소스 파일\02. Game\GameObject\02. Player\Player_3rd\02. Pig_3rd</Filter>
    </ClCompile>
    <ClCompile Include="Channel.cpp">
      <Filter>소스 파일\01. Engine\04. Components\02. Model\Animation\Channel</Filter>
    </ClCompile>
    <ClCompile Include="Animation.cpp">
      <Filter>소스 파일\01. Engine\04. Components\02. Model\Animation</Filter>
    </ClCompile>
    <ClCompile Include="Bone.cpp">
      <Filter>소스 파일\01. Engine\04. Components\02. Model\Bone</Filter>
    </ClCompile>
    <ClCompile Include="Player_3rd.cpp">
      <Filter>소스 파일\02. Game\GameObject\02. Player\Player_3rd</Filter>
    </ClCompile>
    <ClCompile Include="Bounding.cpp">
      <Filter>소스 파일\01. Engine\04. Components\03. Collider</Filter>
    </ClCompile>
    <ClCompile Include="Bounding_AABB.cpp">
      <Filter>소스 파일\01. Engine\04. Components\03. Collider</Filter>
    </ClCompile>
    <ClCompile Include="Bounding_OBB.cpp">
      <Filter>소스 파일\01. Engine\04. Components\03. Collider</Filter>
    </ClCompile>
    <ClCompile Include="Bounding_Sphere.cpp">
      <Filter>소스 파일\01. Engine\04. Components\03. Collider</Filter>
    </ClCompile>
    <ClCompile Include="Collider.cpp">
      <Filter>소스 파일\01. Engine\04. Components\03. Collider</Filter>
    </ClCompile>
    <ClCompile Include="NetworkClient.cpp">
      <Filter>소스 파일\03. Network</Filter>
    </ClCompile>
    <ClCompile Include="Bounding.cpp">
      <Filter>소스 파일\01. Engine\04. Components\03. Collider\Bounding</Filter>
    </ClCompile>
    <ClCompile Include="Bounding_AABB.cpp">
      <Filter>소스 파일\01. Engine\04. Components\03. Collider\Bounding\Bounding_AABB</Filter>
    </ClCompile>
    <ClCompile Include="Bounding_OBB.cpp">
      <Filter>소스 파일\01. Engine\04. Components\03. Collider\Bounding\Bounding_OBB</Filter>
    </ClCompile>
    <ClCompile Include="Bounding_Sphere.cpp">
      <Filter>소스 파일\01. Engine\04. Components\03. Collider\Bounding\Bounding_Sphere</Filter>
    </ClCompile>
    <ClCompile Include="PartObj.cpp">
      <Filter>소스 파일\01. Engine\03. Objects\PartObject</Filter>
    </ClCompile>
    <ClCompile Include="ContainerObj.cpp">
      <Filter>소스 파일\01. Engine\03. Objects\ContainerObject</Filter>
    </ClCompile>
    <ClCompile Include="Pig_1rd.cpp">
      <Filter>소스 파일\02. Game\GameObject\02. Player\Player_1rd\Character\Pig_1rd</Filter>
    </ClCompile>
    <ClCompile Include="Ketchup_Gun.cpp">
      <Filter>소스 파일\02. Game\GameObject\02. Player\Player_1rd\Gun\Ketchup</Filter>
    </ClCompile>
    <ClCompile Include="Player_1rd.cpp">
      <Filter>소스 파일\02. Game\GameObject\02. Player\Player_1rd</Filter>
    </ClCompile>
    <ClCompile Include="Player_3rd.cpp">
      <Filter>소스 파일\02. Game\GameObject\02. Player\Player_3rd</Filter>
    </ClCompile>
    <ClCompile Include="Obj_CollisionTest.cpp">
      <Filter>소스 파일\01. Engine\04. Components\03. Collider\test</Filter>
    </ClCompile>
    <ClCompile Include="DebugDraw.cpp">
      <Filter>소스 파일\01. Engine\04. Components\03. Collider\render</Filter>
    </ClCompile>
    <ClCompile Include="Texture_Manager.cpp">
      <Filter>소스 파일\01. Engine\04. Components\05. Texture</Filter>
    </ClCompile>
  </ItemGroup>
  <ItemGroup>
    <ResourceCompile Include="HelloDinner.rc">
      <Filter>리소스 파일</Filter>
    </ResourceCompile>
  </ItemGroup>
  <ItemGroup>
    <Image Include="small.ico">
      <Filter>리소스 파일</Filter>
    </Image>
    <Image Include="HelloDinner.ico">
      <Filter>리소스 파일</Filter>
    </Image>
  </ItemGroup>
  <ItemGroup>
    <FxCompile Include="Shader_Default.hlsl">
      <Filter>셰이더 파일</Filter>
    </FxCompile>
    <FxCompile Include="Shader_Skybox.hlsl">
      <Filter>셰이더 파일</Filter>
    </FxCompile>
    <FxCompile Include="Shader_Anim.hlsl">
      <Filter>셰이더 파일</Filter>
    </FxCompile>
    <FxCompile Include="Shader_UI.hlsl">
      <Filter>셰이더 파일</Filter>
    </FxCompile>
  </ItemGroup>
  <ItemGroup>
    <None Include="Common.hlsli">
      <Filter>셰이더 파일</Filter>
    </None>
  </ItemGroup>
</Project>