
Microsoft Visual Studio Solution File, Format Version 12.00
# Visual Studio Version 17
VisualStudioVersion = 17.14.36623.8
MinimumVisualStudioVersion = 10.0.40219.1
Project("{8BC9CEB8-8B4A-11D0-8D11-00A0C91BC942}") = "HelloDinner", "HelloDinner\HelloDinner.vcxproj", "{1FAF126F-BDC4-4FA4-9D7F-9781FCD35DFF}"
EndProject
Project("{8BC9CEB8-8B4A-11D0-8D11-00A0C91BC942}") = "FBXConverter", "FBXConverter\FBXConverter.vcxproj", "{AF567A98-D08B-4622-8982-B9D39DA8B6CD}"
EndProject
Global
	GlobalSection(SolutionConfigurationPlatforms) = preSolution
		Debug|x64 = Debug|x64
		Debug|x86 = Debug|x86
		Release|x64 = Release|x64
		Release|x86 = Release|x86
	EndGlobalSection
	GlobalSection(ProjectConfigurationPlatforms) = postSolution
		{1FAF126F-BDC4-4FA4-9D7F-9781FCD35DFF}.Debug|x64.ActiveCfg = Debug|x64
		{1FAF126F-BDC4-4FA4-9D7F-9781FCD35DFF}.Debug|x64.Build.0 = Debug|x64
		{1FAF126F-BDC4-4FA4-9D7F-9781FCD35DFF}.Debug|x86.ActiveCfg = Debug|Win32
		{1FAF126F-BDC4-4FA4-9D7F-9781FCD35DFF}.Debug|x86.Build.0 = Debug|Win32
		{1FAF126F-BDC4-4FA4-9D7F-9781FCD35DFF}.Release|x64.ActiveCfg = Release|x64
		{1FAF126F-BDC4-4FA4-9D7F-9781FCD35DFF}.Release|x64.Build.0 = Release|x64
		{1FAF126F-BDC4-4FA4-9D7F-9781FCD35DFF}.Release|x86.ActiveCfg = Release|Win32
		{1FAF126F-BDC4-4FA4-9D7F-9781FCD35DFF}.Release|x86.Build.0 = Release|Win32
		{AF567A98-D08B-4622-8982-B9D39DA8B6CD}.Debug|x64.ActiveCfg = Debug|x64
		{AF567A98-D08B-4622-8982-B9D39DA8B6CD}.Debug|x64.Build.0 = Debug|x64
		{AF567A98-D08B-4622-8982-B9D39DA8B6CD}.Debug|x86.ActiveCfg = Debug|Win32
		{AF567A98-D08B-4622-8982-B9D39DA8B6CD}.Debug|x86.Build.0 = Debug|Win32
		{AF567A98-D08B-4622-8982-B9D39DA8B6CD}.Release|x64.ActiveCfg = Release|x64
		{AF567A98-D08B-4622-8982-B9D39DA8B6CD}.Release|x64.Build.0 = Release|x64
		{AF567A98-D08B-4622-8982-B9D39DA8B6CD}.Release|x86.ActiveCfg = Release|Win32
		{AF567A98-D08B-4622-8982-B9D39DA8B6CD}.Release|x86.Build.0 = Release|Win32
	EndGlobalSection
	GlobalSection(SolutionProperties) = preSolution
		HideSolutionNode = FALSE
	EndGlobalSection
	GlobalSection(ExtensibilityGlobals) = postSolution
		SolutionGuid = {DB227405-F751-4EE5-988B-E6524340E9D5}
	EndGlobalSection
EndGlobal
